
Microsoft Visual Studio Solution File, Format Version 12.00
# Visual Studio Version 16
VisualStudioVersion = 16.0.31613.86
MinimumVisualStudioVersion = 10.0.40219.1
Project("{FAE04EC0-301F-11D3-BF4B-00C04F79EFBC}") = "final-motoDix", "final-motoDix.csproj", "{B23DF18C-DB0C-4692-B9B9-B5B3E9F3BE53}"
EndProject
Project("{FAE04EC0-301F-11D3-BF4B-00C04F79EFBC}") = "TestProject1", "..\TestProject1\TestProject1.csproj", "{89D4C637-BF92-44CF-938F-B55C96ECB84D}"
EndProject
Global
	GlobalSection(SolutionConfigurationPlatforms) = preSolution
		Debug|Any CPU = Debug|Any CPU
		Release|Any CPU = Release|Any CPU
	EndGlobalSection
	GlobalSection(ProjectConfigurationPlatforms) = postSolution
		{B23DF18C-DB0C-4692-B9B9-B5B3E9F3BE53}.Debug|Any CPU.ActiveCfg = Debug|Any CPU
		{B23DF18C-DB0C-4692-B9B9-B5B3E9F3BE53}.Debug|Any CPU.Build.0 = Debug|Any CPU
		{B23DF18C-DB0C-4692-B9B9-B5B3E9F3BE53}.Release|Any CPU.ActiveCfg = Release|Any CPU
		{B23DF18C-DB0C-4692-B9B9-B5B3E9F3BE53}.Release|Any CPU.Build.0 = Release|Any CPU
		{89D4C637-BF92-44CF-938F-B55C96ECB84D}.Debug|Any CPU.ActiveCfg = Debug|Any CPU
		{89D4C637-BF92-44CF-938F-B55C96ECB84D}.Debug|Any CPU.Build.0 = Debug|Any CPU
		{89D4C637-BF92-44CF-938F-B55C96ECB84D}.Release|Any CPU.ActiveCfg = Release|Any CPU
		{89D4C637-BF92-44CF-938F-B55C96ECB84D}.Release|Any CPU.Build.0 = Release|Any CPU
	EndGlobalSection
	GlobalSection(SolutionProperties) = preSolution
		HideSolutionNode = FALSE
	EndGlobalSection
	GlobalSection(ExtensibilityGlobals) = postSolution
		SolutionGuid = {C66CA9E9-C2C6-429F-A01F-538FB0D5CF16}
	EndGlobalSection
EndGlobal
